
Microsoft Visual Studio Solution File, Format Version 12.00
# Visual Studio Version 17
VisualStudioVersion = 17.9.34723.18
MinimumVisualStudioVersion = 10.0.40219.1
Project("{FAE04EC0-301F-11D3-BF4B-00C04F79EFBC}") = "Papierflieger", "Papierflieger.csproj", "{09758DB5-78F3-46D2-93E4-D2BEE0F4C9C7}"
EndProject
Global
	GlobalSection(SolutionConfigurationPlatforms) = preSolution
		Debug|Any CPU = Debug|Any CPU
		Release|Any CPU = Release|Any CPU
	EndGlobalSection
	GlobalSection(ProjectConfigurationPlatforms) = postSolution
		{09758DB5-78F3-46D2-93E4-D2BEE0F4C9C7}.Debug|Any CPU.ActiveCfg = Debug|Any CPU
		{09758DB5-78F3-46D2-93E4-D2BEE0F4C9C7}.Debug|Any CPU.Build.0 = Debug|Any CPU
		{09758DB5-78F3-46D2-93E4-D2BEE0F4C9C7}.Debug|Any CPU.Deploy.0 = Debug|Any CPU
		{09758DB5-78F3-46D2-93E4-D2BEE0F4C9C7}.Release|Any CPU.ActiveCfg = Release|Any CPU
		{09758DB5-78F3-46D2-93E4-D2BEE0F4C9C7}.Release|Any CPU.Build.0 = Release|Any CPU
		{09758DB5-78F3-46D2-93E4-D2BEE0F4C9C7}.Release|Any CPU.Deploy.0 = Release|Any CPU
	EndGlobalSection
	GlobalSection(SolutionProperties) = preSolution
		HideSolutionNode = FALSE
	EndGlobalSection
	GlobalSection(ExtensibilityGlobals) = postSolution
		SolutionGuid = {38217CDC-AF15-43F6-8F1F-65CBC767E669}
	EndGlobalSection
EndGlobal
